
Microsoft Visual Studio Solution File, Format Version 12.00
# Visual Studio 15
Project("{FAE04EC0-301F-11D3-BF4B-00C04F79EFBC}") = "Assembly-CSharp", "Assembly-CSharp.csproj", "{11742F8F-098B-B96D-4961-49977FC2D0A7}"
EndProject
Project("{FAE04EC0-301F-11D3-BF4B-00C04F79EFBC}") = "Assembly-CSharp-Editor", "Assembly-CSharp-Editor.csproj", "{55B332B0-9AEF-1317-AB32-7012C6E260AD}"
EndProject
Global
	GlobalSection(SolutionConfigurationPlatforms) = preSolution
		Debug|Any CPU = Debug|Any CPU
		Release|Any CPU = Release|Any CPU
	EndGlobalSection
	GlobalSection(ProjectConfigurationPlatforms) = postSolution
		{11742F8F-098B-B96D-4961-49977FC2D0A7}.Debug|Any CPU.ActiveCfg = Debug|Any CPU
		{11742F8F-098B-B96D-4961-49977FC2D0A7}.Debug|Any CPU.Build.0 = Debug|Any CPU
		{11742F8F-098B-B96D-4961-49977FC2D0A7}.Release|Any CPU.ActiveCfg = Release|Any CPU
		{11742F8F-098B-B96D-4961-49977FC2D0A7}.Release|Any CPU.Build.0 = Release|Any CPU
		{55B332B0-9AEF-1317-AB32-7012C6E260AD}.Debug|Any CPU.ActiveCfg = Debug|Any CPU
		{55B332B0-9AEF-1317-AB32-7012C6E260AD}.Debug|Any CPU.Build.0 = Debug|Any CPU
		{55B332B0-9AEF-1317-AB32-7012C6E260AD}.Release|Any CPU.ActiveCfg = Release|Any CPU
		{55B332B0-9AEF-1317-AB32-7012C6E260AD}.Release|Any CPU.Build.0 = Release|Any CPU
	EndGlobalSection
	GlobalSection(SolutionProperties) = preSolution
		HideSolutionNode = FALSE
	EndGlobalSection
EndGlobal
